<?xml version="1.0" encoding="utf-8"?>
<Project ToolsVersion="4.0" xmlns="http://schemas.microsoft.com/developer/msbuild/2003">
  <ItemGroup>
    <Filter Include="Source Files">
      <UniqueIdentifier>{4FC737F1-C7A5-4376-A066-2A32D752A2FF}</UniqueIdentifier>
      <Extensions>cpp;c;cc;cxx;def;odl;idl;hpj;bat;asm;asmx</Extensions>
    </Filter>
    <Filter Include="Source Files\generated">
      <UniqueIdentifier>{5871a71e-92fa-44a7-847f-91d4ad19deb0}</UniqueIdentifier>
    </Filter>
    <Filter Include="Source Files\generated\core">
      <UniqueIdentifier>{eef66507-e4a8-4117-87d0-a5b24833ddba}</UniqueIdentifier>
    </Filter>
    <Filter Include="Header Files">
      <UniqueIdentifier>{93995380-89BD-4b04-88EB-625FBE52EBFB}</UniqueIdentifier>
      <Extensions>h;hpp;hxx;hm;inl;inc;xsd</Extensions>
    </Filter>
    <Filter Include="Header Files\generated">
      <UniqueIdentifier>{0ddd771d-c7e1-405b-a3e6-a4433e9094db}</UniqueIdentifier>
    </Filter>
    <Filter Include="Source Files\windows">
      <UniqueIdentifier>{28f8e0ab-f994-4a5b-b62b-edcdcb9d0c34}</UniqueIdentifier>
    </Filter>
    <Filter Include="Source Files\generated\windows">
      <UniqueIdentifier>{21f538e1-a14f-441b-9e2e-7303c1465c5b}</UniqueIdentifier>
    </Filter>
    <Filter Include="Source Files\socket">
      <UniqueIdentifier>{d4552ab5-00ec-4394-bf75-666ac4f869a1}</UniqueIdentifier>
    </Filter>
    <Filter Include="Source Files\generated\socket">
      <UniqueIdentifier>{620f3726-c7dd-4d6f-8f54-ad08f2ff594a}</UniqueIdentifier>
    </Filter>
    <Filter Include="Source Files\fruity">
      <UniqueIdentifier>{7c397a46-f5dd-401d-b3c8-423615a25619}</UniqueIdentifier>
    </Filter>
    <Filter Include="Source Files\generated\fruity">
      <UniqueIdentifier>{2d5a13f8-9bcb-4d70-9f8a-9597707fc771}</UniqueIdentifier>
    </Filter>
    <Filter Include="Source Files\droidy">
      <UniqueIdentifier>{7c397a46-f5dd-401d-b3c8-423615a25618}</UniqueIdentifier>
    </Filter>
    <Filter Include="Source Files\generated\droidy">
      <UniqueIdentifier>{2d5a13f8-9bcb-4d70-9f8a-9597707fc770}</UniqueIdentifier>
    </Filter>
    <Filter Include="Source Files\generated\data">
      <UniqueIdentifier>{e441c3c0-5949-44e4-8617-0483732946e8}</UniqueIdentifier>
    </Filter>
    <Filter Include="Resource Files">
      <UniqueIdentifier>{67DA6AB6-F800-4c08-8B7A-83BB121AAD01}</UniqueIdentifier>
      <Extensions>rc;ico;cur;bmp;dlg;rc2;rct;bin;rgs;gif;jpg;jpeg;jpe;resx;tiff;tif;png;wav</Extensions>
    </Filter>
    <Filter Include="Resource Files\windows">
      <UniqueIdentifier>{c619adbc-c722-4220-8c57-9d40ce4e94ee}</UniqueIdentifier>
    </Filter>
    <Filter Include="Source Files\compiler">
      <UniqueIdentifier>{440a7aec-8571-44e1-b100-6983d61a26ef}</UniqueIdentifier>
    </Filter>
    <Filter Include="Source Files\generated\compiler">
      <UniqueIdentifier>{977f662a-1dea-4141-b63c-a71768cc07cf}</UniqueIdentifier>
    </Filter>
    <Filter Include="Resource Files\compiler">
      <UniqueIdentifier>{56aeb7fc-6443-41fd-8bad-d5e3dd174f5c}</UniqueIdentifier>
    </Filter>
    <Filter Include="Source Files\barebone">
      <UniqueIdentifier>{8095dacf-9529-4daf-9fa7-124a0dbd8c8c}</UniqueIdentifier>
    </Filter>
    <Filter Include="Source Files\barebone\arch-arm64">
      <UniqueIdentifier>{5eb2dd88-94b6-46fb-bb45-04a18223ffa4}</UniqueIdentifier>
    </Filter>
    <Filter Include="Resource Files\barebone">
      <UniqueIdentifier>{7543fdf8-bcba-4faf-b776-ba8c60b43ea6}</UniqueIdentifier>
    </Filter>
    <Filter Include="Source Files\generated\barebone">
      <UniqueIdentifier>{ee876d25-94c0-4b08-b62e-542701f53a5a}</UniqueIdentifier>
    </Filter>
  </ItemGroup>
  <ItemGroup>
    <CustomBuild Include="src\helper.resources">
      <Filter>Resource Files</Filter>
    </CustomBuild>
    <CustomBuild Include="src\agent.resources">
      <Filter>Resource Files</Filter>
    </CustomBuild>
    <CustomBuild Include="src\frida.vala">
      <Filter>Source Files</Filter>
    </CustomBuild>
    <None Include="src\host-session-service.vala">
      <Filter>Source Files</Filter>
    </None>
    <None Include="src\agent-container.vala">
      <Filter>Source Files</Filter>
    </None>
    <None Include="src\gdb.vala">
      <Filter>Source Files</Filter>
    </None>
    <None Include="src\system.vala">
      <Filter>Source Files</Filter>
    </None>
    <None Include="src\windows\windows-host-session.vala">
      <Filter>Source Files\windows</Filter>
    </None>
    <None Include="src\windows\winjector.vala">
      <Filter>Source Files\windows</Filter>
    </None>
    <None Include="src\windows\frida-helper-process.vala">
      <Filter>Source Files\windows</Filter>
    </None>
    <None Include="src\socket\socket-host-session.vala">
      <Filter>Source Files\socket</Filter>
    </None>
    <None Include="src\fruity\fruity-host-session.vala">
      <Filter>Source Files\fruity</Filter>
    </None>
    <None Include="src\fruity\dtx.vala">
      <Filter>Source Files\fruity</Filter>
    </None>
    <None Include="src\fruity\lockdown.vala">
      <Filter>Source Files\fruity</Filter>
    </None>
    <None Include="src\fruity\installation-proxy.vala">
      <Filter>Source Files\fruity</Filter>
    </None>
    <None Include="src\fruity\lldb.vala">
      <Filter>Source Files\fruity</Filter>
    </None>
    <None Include="src\fruity\injector.vala">
      <Filter>Source Files\fruity</Filter>
    </None>
    <None Include="src\fruity\usbmux.vala">
      <Filter>Source Files\fruity</Filter>
    </None>
    <None Include="src\fruity\keyed-archive.vala">
      <Filter>Source Files\fruity</Filter>
    </None>
    <None Include="src\fruity\plist.vala">
      <Filter>Source Files\fruity</Filter>
    </None>
    <None Include="src\fruity\plist-service.vala">
      <Filter>Source Files\fruity</Filter>
    </None>
    <None Include="src\droidy\droidy-host-session.vala">
      <Filter>Source Files\droidy</Filter>
    </None>
    <None Include="src\droidy\droidy-client.vala">
      <Filter>Source Files\droidy</Filter>
    </None>
    <CustomBuild Include="src\compiler\compiler.resources">
      <Filter>Resource Files\compiler</Filter>
    </CustomBuild>
    <CustomBuild Include="src\barebone\barebone.resources">
      <Filter>Resource Files\barebone</Filter>
    </CustomBuild>
  </ItemGroup>
  <ItemGroup>
    <ClInclude Include="$(IntDir)frida-core.h">
      <Filter>Header Files\generated</Filter>
    </ClInclude>
    <ClCompile Include="$(IntDir)src\frida.c">
      <Filter>Source Files\generated\core</Filter>
    </ClCompile>
    <ClCompile Include="src\frida-glue.c">
      <Filter>Source Files</Filter>
    </ClCompile>
    <ClCompile Include="$(IntDir)src\host-session-service.c">
      <Filter>Source Files\generated\core</Filter>
    </ClCompile>
    <ClCompile Include="$(IntDir)src\agent-container.c">
      <Filter>Source Files\generated\core</Filter>
    </ClCompile>
    <ClCompile Include="$(IntDir)src\gdb.c">
      <Filter>Source Files\generated\core</Filter>
    </ClCompile>
    <ClCompile Include="$(IntDir)src\system.c">
      <Filter>Source Files\generated\core</Filter>
    </ClCompile>
    <ClCompile Include="$(IntDir)src\windows\windows-host-session.c">
      <Filter>Source Files\generated\windows</Filter>
    </ClCompile>
    <ClCompile Include="src\windows\windows-host-session-glue.c">
      <Filter>Source Files\windows</Filter>
    </ClCompile>
    <ClCompile Include="$(IntDir)src\windows\winjector.c">
      <Filter>Source Files\generated\windows</Filter>
    </ClCompile>
    <ClCompile Include="src\windows\winjector-glue.c">
      <Filter>Source Files\windows</Filter>
    </ClCompile>
    <ClCompile Include="$(IntDir)src\windows\frida-helper-process.c">
      <Filter>Source Files\generated\windows</Filter>
    </ClCompile>
    <ClInclude Include="src\windows\access-helpers.h">
      <Filter>Source Files\windows</Filter>
    </ClInclude>
    <ClCompile Include="src\windows\access-helpers.c">
      <Filter>Source Files\windows</Filter>
    </ClCompile>
    <ClInclude Include="src\windows\icon-helpers.h">
      <Filter>Source Files\windows</Filter>
    </ClInclude>
    <ClCompile Include="src\windows\icon-helpers.c">
      <Filter>Source Files\windows</Filter>
    </ClCompile>
    <ClCompile Include="src\windows\system-windows.c">
      <Filter>Source Files\windows</Filter>
    </ClCompile>
    <ClCompile Include="$(IntDir)src\socket\socket-host-session.c">
      <Filter>Source Files\generated\socket</Filter>
    </ClCompile>
    <ClCompile Include="$(IntDir)src\fruity\fruity-host-session.c">
      <Filter>Source Files\generated\fruity</Filter>
    </ClCompile>
    <ClCompile Include="$(IntDir)src\fruity\dtx.c">
      <Filter>Source Files\generated\fruity</Filter>
    </ClCompile>
    <ClCompile Include="src\fruity\fruity-host-session-windows.c">
      <Filter>Source Files\fruity</Filter>
    </ClCompile>
    <ClCompile Include="$(IntDir)src\fruity\lockdown.c">
      <Filter>Source Files\generated\fruity</Filter>
    </ClCompile>
    <ClCompile Include="$(IntDir)src\fruity\installation-proxy.c">
      <Filter>Source Files\generated\fruity</Filter>
    </ClCompile>
    <ClCompile Include="$(IntDir)src\fruity\lldb.c">
      <Filter>Source Files\generated\fruity</Filter>
    </ClCompile>
    <ClCompile Include="$(IntDir)src\fruity\injector.c">
      <Filter>Source Files\generated\fruity</Filter>
    </ClCompile>
    <ClCompile Include="$(IntDir)src\fruity\usbmux.c">
      <Filter>Source Files\generated\fruity</Filter>
    </ClCompile>
    <ClCompile Include="$(IntDir)src\fruity\keyed-archive.c">
      <Filter>Source Files\generated\fruity</Filter>
    </ClCompile>
    <ClCompile Include="$(IntDir)src\fruity\plist.c">
      <Filter>Source Files\generated\fruity</Filter>
    </ClCompile>
    <ClCompile Include="$(IntDir)src\fruity\plist-service.c">
      <Filter>Source Files\generated\fruity</Filter>
    </ClCompile>
    <ClCompile Include="$(IntDir)src\droidy\droidy-host-session.c">
      <Filter>Source Files\generated\droidy</Filter>
    </ClCompile>
    <ClCompile Include="$(IntDir)src\droidy\droidy-client.c">
      <Filter>Source Files\generated\droidy</Filter>
    </ClCompile>
    <ClCompile Include="$(IntDir)data\frida-data-helper.c">
      <Filter>Source Files\generated\data</Filter>
    </ClCompile>
    <ClCompile Include="$(IntDir)data\frida-data-agent.c">
      <Filter>Source Files\generated\data</Filter>
    </ClCompile>
    <ClInclude Include="src\windows\frida-helper-process-glue.h">
      <Filter>Source Files\windows</Filter>
    </ClInclude>
  </ItemGroup>
  <ItemGroup>
    <ClCompile Include="src\windows\frida-helper-process-glue.c">
      <Filter>Source Files\windows</Filter>
    </ClCompile>
    <ClCompile Include="$(IntDir)src\droidy\injector.c">
      <Filter>Source Files\generated\droidy</Filter>
    </ClCompile>
    <ClCompile Include="$(IntDir)src\droidy\axml.c">
      <Filter>Source Files\generated\droidy</Filter>
    </ClCompile>
    <ClCompile Include="$(IntDir)src\droidy\jdwp.c">
      <Filter>Source Files\generated\droidy</Filter>
    </ClCompile>
    <ClCompile Include="$(IntDir)src\async-task.c">
      <Filter>Source Files\generated\core</Filter>
    </ClCompile>
    <ClCompile Include="$(IntDir)src\control-service.c">
      <Filter>Source Files\generated\core</Filter>
    </ClCompile>
    <ClCompile Include="$(IntDir)src\file-monitor.c">
      <Filter>Source Files\generated\core</Filter>
    </ClCompile>
    <ClCompile Include="$(IntDir)src\portal-service.c">
      <Filter>Source Files\generated\core</Filter>
    </ClCompile>
    <ClCompile Include="$(IntDir)src\fruity\springboard-services.c">
      <Filter>Source Files\generated\fruity</Filter>
    </ClCompile>
    <ClCompile Include="$(IntDir)src\compiler\compiler.c">
      <Filter>Source Files\generated\compiler</Filter>
    </ClCompile>
    <ClCompile Include="$(IntDir)data\frida-data-compiler.c">
      <Filter>Source Files\generated\data</Filter>
    </ClCompile>
    <ClCompile Include="$(IntDir)src\barebone\barebone-host-session.c">
      <Filter>Source Files\generated\barebone</Filter>
    </ClCompile>
    <ClCompile Include="$(IntDir)src\barebone\script.c">
      <Filter>Source Files\generated\barebone</Filter>
    </ClCompile>
    <ClCompile Include="$(IntDir)src\barebone\machine.c">
      <Filter>Source Files\generated\barebone</Filter>
    </ClCompile>
    <ClCompile Include="$(IntDir)src\barebone\allocator.c">
      <Filter>Source Files\generated\barebone</Filter>
    </ClCompile>
    <ClCompile Include="$(IntDir)src\barebone\callback.c">
      <Filter>Source Files\generated\barebone</Filter>
    </ClCompile>
    <ClCompile Include="$(IntDir)src\barebone\memory-scanner.c">
      <Filter>Source Files\generated\barebone</Filter>
    </ClCompile>
    <ClCompile Include="$(IntDir)src\barebone\interceptor.c">
      <Filter>Source Files\generated\barebone</Filter>
    </ClCompile>
    <ClCompile Include="$(IntDir)src\barebone\rust-module.c">
      <Filter>Source Files\generated\barebone</Filter>
    </ClCompile>
    <ClCompile Include="$(IntDir)src\barebone\arch-x86\machine.c">
      <Filter>Source Files\generated\barebone\arch-x86</Filter>
    </ClCompile>
    <ClCompile Include="$(IntDir)src\barebone\arch-x86_64\machine.c">
      <Filter>Source Files\generated\barebone\arch-x86_64</Filter>
    </ClCompile>
    <ClCompile Include="$(IntDir)src\barebone\arch-arm\machine.c">
      <Filter>Source Files\generated\barebone\arch-arm</Filter>
    </ClCompile>
    <ClCompile Include="$(IntDir)src\barebone\arch-arm64\machine.c">
      <Filter>Source Files\generated\barebone\arch-arm64</Filter>
    </ClCompile>
    <ClCompile Include="$(IntDir)src\barebone\arch-unknown\machine.c">
      <Filter>Source Files\generated\barebone\arch-unknown</Filter>
    </ClCompile>
    <ClCompile Include="$(IntDir)data\frida-data-barebone.c">
      <Filter>Source Files\generated\data</Filter>
    </ClCompile>
  </ItemGroup>
  <ItemGroup>
    <None Include="src\droidy\injector.vala">
      <Filter>Source Files\droidy</Filter>
    </None>
    <None Include="src\droidy\jdwp.vala">
      <Filter>Source Files\droidy</Filter>
    </None>
    <None Include="src\async-task.vala">
      <Filter>Source Files</Filter>
    </None>
    <None Include="src\control-service.vala">
      <Filter>Source Files</Filter>
    </None>
    <None Include="src\file-monitor.vala">
      <Filter>Source Files</Filter>
    </None>
    <None Include="src\portal-service.vala">
      <Filter>Source Files</Filter>
    </None>
    <None Include="src\fruity\springboard-services.vala">
      <Filter>Source Files\fruity</Filter>
    </None>
    <None Include="src\compiler\compiler.vala">
      <Filter>Source Files\compiler</Filter>
    </None>
    <None Include="src\droidy\axml.vala">
      <Filter>Source Files\droidy</Filter>
    </None>
    <None Include="src\barebone\barebone-host-session.vala">
      <Filter>Source Files\barebone</Filter>
    </None>
    <None Include="src\barebone\script.vala">
      <Filter>Source Files\barebone</Filter>
    </None>
    <None Include="src\barebone\machine.vala">
      <Filter>Source Files\barebone</Filter>
    </None>
    <None Include="src\barebone\allocator.vala">
      <Filter>Source Files\barebone</Filter>
    </None>
    <None Include="src\barebone\callback.vala">
      <Filter>Source Files\barebone</Filter>
    </None>
    <None Include="src\barebone\memory-scanner.vala">
      <Filter>Source Files\barebone</Filter>
    </None>
    <None Include="src\barebone\interceptor.vala">
      <Filter>Source Files\barebone</Filter>
    </None>
    <None Include="src\barebone\rust-module.vala">
      <Filter>Source Files\barebone</Filter>
    </None>
    <None Include="src\barebone\arch-x86\machine.vala">
      <Filter>Source Files\barebone\arch-x86</Filter>
    </None>
    <None Include="src\barebone\arch-x86_64\machine.vala">
      <Filter>Source Files\barebone\arch-x86_64</Filter>
    </None>
    <None Include="src\barebone\arch-arm\machine.vala">
      <Filter>Source Files\barebone\arch-arm</Filter>
    </None>
    <None Include="src\barebone\arch-arm64\machine.vala">
      <Filter>Source Files\barebone\arch-arm64</Filter>
    </None>
    <None Include="src\barebone\arch-unknown\machine.vala">
      <Filter>Source Files\barebone\arch-unknown</Filter>
    </None>
  </ItemGroup>
</Project>
