<?xml version="1.0" encoding="utf-8"?>
<Project ToolsVersion="4.0" xmlns="http://schemas.microsoft.com/developer/msbuild/2003">
  <ItemGroup>
    <Filter Include="Source Files">
      <UniqueIdentifier>{4FC737F1-C7A5-4376-A066-2A32D752A2FF}</UniqueIdentifier>
      <Extensions>cpp;c;cc;cxx;def;odl;idl;hpj;bat;asm;asmx</Extensions>
    </Filter>
    <Filter Include="Source Files\generated">
      <UniqueIdentifier>{5871a71e-92fa-44a7-847f-91d4ad19deb0}</UniqueIdentifier>
    </Filter>
    <Filter Include="Source Files\generated\protocol">
      <UniqueIdentifier>{4415871d-d47f-4fa8-adba-891ff9d5fecf}</UniqueIdentifier>
    </Filter>
    <Filter Include="Source Files\generated\service">
      <UniqueIdentifier>{eef66507-e4a8-4117-87d0-a5b24833ddba}</UniqueIdentifier>
    </Filter>
    <Filter Include="Source Files\generated\ui">
      <UniqueIdentifier>{394013f3-0361-4c2c-837e-410759bdbb71}</UniqueIdentifier>
    </Filter>
    <Filter Include="Source Files\ui">
      <UniqueIdentifier>{02e977b4-f92d-4c38-b3eb-4862d982f3d7}</UniqueIdentifier>
    </Filter>
    <Filter Include="Source Files\service">
      <UniqueIdentifier>{b6dfc63e-558b-4086-bdb4-0478fe64c3be}</UniqueIdentifier>
    </Filter>
    <Filter Include="Header Files">
      <UniqueIdentifier>{93995380-89BD-4b04-88EB-625FBE52EBFB}</UniqueIdentifier>
      <Extensions>h;hpp;hxx;hm;inl;inc;xsd</Extensions>
    </Filter>
    <Filter Include="Resource Files">
      <UniqueIdentifier>{67DA6AB6-F800-4c08-8B7A-83BB121AAD01}</UniqueIdentifier>
      <Extensions>rc;ico;cur;bmp;dlg;rc2;rct;bin;rgs;gif;jpg;jpeg;jpe;resx;tiff;tif;png;wav</Extensions>
    </Filter>
    <Filter Include="Source Files\service\windows">
      <UniqueIdentifier>{28f8e0ab-f994-4a5b-b62b-edcdcb9d0c34}</UniqueIdentifier>
    </Filter>
    <Filter Include="Source Files\generated\service\windows">
      <UniqueIdentifier>{21f538e1-a14f-441b-9e2e-7303c1465c5b}</UniqueIdentifier>
    </Filter>
    <Filter Include="Source Files\service\fruity">
      <UniqueIdentifier>{7c397a46-f5dd-401d-b3c8-423615a25619}</UniqueIdentifier>
    </Filter>
    <Filter Include="Source Files\generated\service\fruity">
      <UniqueIdentifier>{2d5a13f8-9bcb-4d70-9f8a-9597707fc771}</UniqueIdentifier>
    </Filter>
    <Filter Include="Source Files\lib">
      <UniqueIdentifier>{0913e432-8baa-452f-a325-f5ae232acab1}</UniqueIdentifier>
    </Filter>
    <Filter Include="Source Files\lib\interfaces">
      <UniqueIdentifier>{9729c4b0-4b37-4674-8f1b-8ff9601ef6f3}</UniqueIdentifier>
    </Filter>
    <Filter Include="Source Files\generated\lib">
      <UniqueIdentifier>{a0a6f4ce-c998-4406-81db-1b78adc3ab04}</UniqueIdentifier>
    </Filter>
    <Filter Include="Source Files\generated\lib\interfaces">
      <UniqueIdentifier>{e0ca1c8c-d387-4bef-b6a6-d6c571db2eee}</UniqueIdentifier>
    </Filter>
    <Filter Include="Header Files\generated">
      <UniqueIdentifier>{0ddd771d-c7e1-405b-a3e6-a4433e9094db}</UniqueIdentifier>
    </Filter>
    <Filter Include="Source Files\generated\data">
      <UniqueIdentifier>{e441c3c0-5949-44e4-8617-0483732946e8}</UniqueIdentifier>
    </Filter>
    <Filter Include="Resource Files\images">
      <UniqueIdentifier>{6da456ee-c4ca-46b6-bda4-6152a6b4fe67}</UniqueIdentifier>
    </Filter>
    <Filter Include="Resource Files\ui">
      <UniqueIdentifier>{6bb46df1-f0f2-46da-9f76-c9a3497e1644}</UniqueIdentifier>
    </Filter>
  </ItemGroup>
  <ItemGroup>
    <None Include="src\configuration.vala">
      <Filter>Source Files</Filter>
    </None>
    <None Include="src\ui\chat.vala">
      <Filter>Source Files\ui</Filter>
    </None>
    <None Include="src\ui\login.vala">
      <Filter>Source Files\ui</Filter>
    </None>
    <None Include="src\ui\root.vala">
      <Filter>Source Files\ui</Filter>
    </None>
    <None Include="src\ui\workspace.vala">
      <Filter>Source Files\ui</Filter>
    </None>
    <None Include="src\service\base-service.vala">
      <Filter>Source Files\service</Filter>
    </None>
    <None Include="src\service\muc-service.vala">
      <Filter>Source Files\service</Filter>
    </None>
    <None Include="src\service\xmpp-client.vala">
      <Filter>Source Files\service</Filter>
    </None>
    <None Include="src\ui\agent-session.vala">
      <Filter>Source Files\ui</Filter>
    </None>
    <None Include="src\ui\function-selector.vala">
      <Filter>Source Files\ui</Filter>
    </None>
    <None Include="src\ui\process-info-label.vala">
      <Filter>Source Files\ui</Filter>
    </None>
    <None Include="src\service\storage-backend.vala">
      <Filter>Source Files\service</Filter>
    </None>
    <None Include="src\service\code-service.vala">
      <Filter>Source Files\service</Filter>
    </None>
    <None Include="src\service\host-session-service.vala">
      <Filter>Source Files\service</Filter>
    </None>
    <None Include="src\service\windows\winjector.vala">
      <Filter>Source Files\service\windows</Filter>
    </None>
    <None Include="src\service\fruity\fruity-host-session.vala">
      <Filter>Source Files\service\fruity</Filter>
    </None>
    <None Include="src\service\windows\windows-host-session.vala">
      <Filter>Source Files\service\windows</Filter>
    </None>
    <None Include="lib\interfaces\session.vala">
      <Filter>Source Files\lib\interfaces</Filter>
    </None>
    <None Include="src\ui\host-session.vala">
      <Filter>Source Files\ui</Filter>
    </None>
    <None Include="data\ui\workspace.ui">
      <Filter>Resource Files\ui</Filter>
    </None>
    <None Include="data\ui\agent-session.ui">
      <Filter>Resource Files\ui</Filter>
    </None>
    <None Include="data\ui\chat.ui">
      <Filter>Resource Files\ui</Filter>
    </None>
    <None Include="data\ui\host-session.ui">
      <Filter>Resource Files\ui</Filter>
    </None>
    <None Include="data\ui\login.ui">
      <Filter>Resource Files\ui</Filter>
    </None>
    <None Include="src\ui\process-selector.vala">
      <Filter>Source Files\ui</Filter>
    </None>
  </ItemGroup>
  <ItemGroup>
    <ClCompile Include="$(IntDir)src\configuration.c">
      <Filter>Source Files\generated</Filter>
    </ClCompile>
    <ClCompile Include="$(IntDir)src\zed.c">
      <Filter>Source Files\generated</Filter>
    </ClCompile>
    <ClCompile Include="$(IntDir)src\protocol\jid.c">
      <Filter>Source Files\generated\protocol</Filter>
    </ClCompile>
    <ClCompile Include="$(IntDir)src\service\base-service.c">
      <Filter>Source Files\generated\service</Filter>
    </ClCompile>
    <ClCompile Include="$(IntDir)src\service\muc-service.c">
      <Filter>Source Files\generated\service</Filter>
    </ClCompile>
    <ClCompile Include="$(IntDir)src\ui\chat.c">
      <Filter>Source Files\generated\ui</Filter>
    </ClCompile>
    <ClCompile Include="$(IntDir)src\ui\login.c">
      <Filter>Source Files\generated\ui</Filter>
    </ClCompile>
    <ClCompile Include="$(IntDir)src\ui\root.c">
      <Filter>Source Files\generated\ui</Filter>
    </ClCompile>
    <ClCompile Include="$(IntDir)src\ui\workspace.c">
      <Filter>Source Files\generated\ui</Filter>
    </ClCompile>
    <ClCompile Include="$(IntDir)src\ui\agent-session.c">
      <Filter>Source Files\generated\ui</Filter>
    </ClCompile>
    <ClCompile Include="$(IntDir)src\ui\function-selector.c">
      <Filter>Source Files\generated\ui</Filter>
    </ClCompile>
    <ClCompile Include="$(IntDir)src\ui\process-info-label.c">
      <Filter>Source Files\generated\ui</Filter>
    </ClCompile>
    <ClCompile Include="src\service\storage-backend-glue.c">
      <Filter>Source Files\service</Filter>
    </ClCompile>
    <ClCompile Include="$(IntDir)src\service\storage-backend.c">
      <Filter>Source Files\generated\service</Filter>
    </ClCompile>
    <ClCompile Include="$(IntDir)src\service\code-service.c">
      <Filter>Source Files\generated\service</Filter>
    </ClCompile>
    <ClCompile Include="src\ui\agent-session-glue.c">
      <Filter>Source Files\ui</Filter>
    </ClCompile>
    <ClCompile Include="$(IntDir)src\service\host-session-service.c">
      <Filter>Source Files\generated\service</Filter>
    </ClCompile>
    <ClCompile Include="$(IntDir)src\service\windows\winjector-error.c">
      <Filter>Source Files\generated\service\windows</Filter>
    </ClCompile>
    <ClCompile Include="$(IntDir)src\service\windows\winjector-ipc.c">
      <Filter>Source Files\generated\service\windows</Filter>
    </ClCompile>
    <ClCompile Include="$(IntDir)src\service\windows\winjector.c">
      <Filter>Source Files\generated\service\windows</Filter>
    </ClCompile>
    <ClCompile Include="src\service\windows\windows-host-session-glue.c">
      <Filter>Source Files\service\windows</Filter>
    </ClCompile>
    <ClCompile Include="$(IntDir)src\service\windows\windows-host-session.c">
      <Filter>Source Files\generated\service\windows</Filter>
    </ClCompile>
    <ClCompile Include="$(IntDir)src\service\fruity\fruity-host-session.c">
      <Filter>Source Files\generated\service\fruity</Filter>
    </ClCompile>
    <ClCompile Include="$(IntDir)src\service\xmpp-client.c">
      <Filter>Source Files\generated\service</Filter>
    </ClCompile>
    <ClCompile Include="$(IntDir)lib\interfaces\session.c">
      <Filter>Source Files\generated\lib\interfaces</Filter>
    </ClCompile>
    <ClCompile Include="$(IntDir)src\ui\host-session.c">
      <Filter>Source Files\generated\ui</Filter>
    </ClCompile>
    <ClCompile Include="$(IntDir)data\zed-data-images.c">
      <Filter>Source Files\generated\data</Filter>
    </ClCompile>
    <ClCompile Include="$(IntDir)data\zed-data-ui.c">
      <Filter>Source Files\generated\data</Filter>
    </ClCompile>
    <ClCompile Include="$(IntDir)data\zed-data-agent.c">
      <Filter>Source Files\generated\data</Filter>
    </ClCompile>
    <ClCompile Include="$(IntDir)data\zed-data-winjector.c">
      <Filter>Source Files\generated\data</Filter>
    </ClCompile>
    <ClCompile Include="$(IntDir)src\ui\process-selector.c">
      <Filter>Source Files\generated\ui</Filter>
    </ClCompile>
    <ClCompile Include="src\service\fruity\fruity-host-session-glue.c">
      <Filter>Source Files\service\fruity</Filter>
    </ClCompile>
    <ClCompile Include="src\service\windows-icon-helpers.c">
      <Filter>Source Files\service</Filter>
    </ClCompile>
    <ClCompile Include="$(IntDir)src\ui\image-factory.c">
      <Filter>Source Files\generated\ui</Filter>
    </ClCompile>
    <ClCompile Include="src\service\windows\winjector-glue.c">
      <Filter>Source Files\service\windows</Filter>
    </ClCompile>
  </ItemGroup>
  <ItemGroup>
    <CustomBuild Include="src\zed.vala">
      <Filter>Source Files</Filter>
    </CustomBuild>
    <CustomBuild Include="data\images\browse-processes.png">
      <Filter>Resource Files\images</Filter>
    </CustomBuild>
    <CustomBuild Include="data\README.txt">
      <Filter>Resource Files</Filter>
    </CustomBuild>
  </ItemGroup>
  <ItemGroup>
    <ClInclude Include="$(IntDir)zed-core.h">
      <Filter>Header Files\generated</Filter>
    </ClInclude>
    <ClInclude Include="src\service\windows-icon-helpers.h">
      <Filter>Source Files\service</Filter>
    </ClInclude>
  </ItemGroup>
</Project>
