<?xml version="1.0" encoding="utf-8"?>
<Project ToolsVersion="4.0" xmlns="http://schemas.microsoft.com/developer/msbuild/2003">
  <ItemGroup>
    <Filter Include="Source Files">
      <UniqueIdentifier>{4FC737F1-C7A5-4376-A066-2A32D752A2FF}</UniqueIdentifier>
      <Extensions>cpp;c;cc;cxx;def;odl;idl;hpj;bat;asm;asmx</Extensions>
    </Filter>
    <Filter Include="Source Files\generated">
      <UniqueIdentifier>{b36c45f2-4120-435b-b879-59c868c55410}</UniqueIdentifier>
    </Filter>
    <Filter Include="Header Files">
      <UniqueIdentifier>{93995380-89BD-4b04-88EB-625FBE52EBFB}</UniqueIdentifier>
      <Extensions>h;hpp;hxx;hm;inl;inc;xsd</Extensions>
    </Filter>
    <Filter Include="Resource Files">
      <UniqueIdentifier>{67DA6AB6-F800-4c08-8B7A-83BB121AAD01}</UniqueIdentifier>
      <Extensions>rc;ico;cur;bmp;dlg;rc2;rct;bin;rgs;gif;jpg;jpeg;jpe;resx;tiff;tif;png;wav</Extensions>
    </Filter>
    <Filter Include="Tests">
      <UniqueIdentifier>{6f197497-bc60-48a1-b1f6-86539bfdfd3e}</UniqueIdentifier>
    </Filter>
  </ItemGroup>
  <ItemGroup>
    <None Include="test-injector.vala">
      <Filter>Tests</Filter>
    </None>
    <None Include="test-host-session.vala">
      <Filter>Tests</Filter>
    </None>
    <None Include="test-agent.vala">
      <Filter>Tests</Filter>
    </None>
    <None Include="test-compiler.vala">
      <Filter>Tests</Filter>
    </None>
    <None Include="runner.vala">
      <Filter>Source Files</Filter>
    </None>
    <None Include="labrats.vala">
      <Filter>Source Files</Filter>
    </None>
    <None Include="async-harness.vala">
      <Filter>Source Files</Filter>
    </None>
    <None Include="process.vala">
      <Filter>Source Files</Filter>
    </None>
  </ItemGroup>
  <ItemGroup>
    <ClCompile Include="$(IntDir)test-injector.c">
      <Filter>Source Files\generated</Filter>
    </ClCompile>
    <ClCompile Include="$(IntDir)test-compiler.c">
      <Filter>Source Files\generated</Filter>
    </ClCompile>
    <ClCompile Include="process-windows.c">
      <Filter>Source Files</Filter>
    </ClCompile>
    <ClCompile Include="process-resource-usage.c">
      <Filter>Source Files</Filter>
    </ClCompile>
    <ClCompile Include="$(IntDir)process.c">
      <Filter>Source Files\generated</Filter>
    </ClCompile>
    <ClCompile Include="$(IntDir)test-host-session.c">
      <Filter>Source Files\generated</Filter>
    </ClCompile>
    <ClCompile Include="$(IntDir)test-agent.c">
      <Filter>Source Files\generated</Filter>
    </ClCompile>
    <ClCompile Include="$(IntDir)async-harness.c">
      <Filter>Source Files\generated</Filter>
    </ClCompile>
    <ClCompile Include="$(IntDir)test-system.c">
      <Filter>Source Files\generated</Filter>
    </ClCompile>
    <ClCompile Include="$(IntDir)main.c">
      <Filter>Source Files\generated</Filter>
    </ClCompile>
    <ClCompile Include="$(IntDir)runner.c">
      <Filter>Source Files\generated</Filter>
    </ClCompile>
    <ClCompile Include="$(IntDir)labrats.c">
      <Filter>Source Files\generated</Filter>
    </ClCompile>
    <ClCompile Include="runner-glue.c">
      <Filter>Source Files</Filter>
    </ClCompile>
    <ClCompile Include="test-agent-glue.c">
      <Filter>Tests</Filter>
    </ClCompile>
  </ItemGroup>
  <ItemGroup>
    <CustomBuild Include="main.vala">
      <Filter>Source Files</Filter>
    </CustomBuild>
  </ItemGroup>
</Project>
