github.com/dlclark/regexp2 v1.11.5 h1:Q/sSnsKerHeCkc/jSTNq1oCm7KiVgUMZRDUoRu0JQZQ=
github.com/dlclark/regexp2 v1.11.5/go.mod h1:DHkYz0B9wPfa6wondMfaivmHpzrQ3v9q8cnmRbL6yW8=
github.com/evanw/esbuild v0.25.5 h1:E+JpeY5S/1LFmnX1vtuZqUKT7qDVcfXdhzMhM3uIKFs=
github.com/evanw/esbuild v0.25.5/go.mod h1:D2vIQZqV/vIf/VRHtViaUtViZmG7o+kKmlBfVQuRi48=
github.com/frida/typescript-go v0.0.0-20250525112925-408906e40fa0 h1:VLOQCYnRys6lgejRqa77u8rYYEoshkSMps7wZJdzJ/U=
github.com/frida/typescript-go v0.0.0-20250525112925-408906e40fa0/go.mod h1:L4RMzD/pFBl7CqIf9XTrX41RO2xcok3OOVVcowv0H4k=
github.com/go-json-experiment/json v0.0.0-20250517221953-25912455fbc8 h1:o8UqXPI6SVwQt04RGsqKp3qqmbOfTNMqDrWsc4O47kk=
github.com/go-json-experiment/json v0.0.0-20250517221953-25912455fbc8/go.mod h1:TiCD2a1pcmjd7YnhGH0f/zKNcCD06B029pHhzV23c2M=
golang.org/x/sys v0.0.0-20220715151400-c0bba94af5f8 h1:0A+M6Uqn+Eje4kHMK80dtF3JCXC4ykBgQG4Fe06QRhQ=
golang.org/x/sys v0.0.0-20220715151400-c0bba94af5f8/go.mod h1:oPkhp1MJrh7nUepCBck5+mAzfO9JrbApNNgaTdGDITg=
golang.org/x/sys v0.33.0 h1:q3i8TbbEz+JRD9ywIRlyRAQbM0qF7hu24q3teo2hbuw=
golang.org/x/sys v0.33.0/go.mod h1:BJP2sWEmIv4KK5OTEluFJCKSidICx8ciO85XgH3Ak8k=
