<?xml version="1.0" encoding="utf-8"?>
<Project ToolsVersion="4.0" xmlns="http://schemas.microsoft.com/developer/msbuild/2003">
  <ItemGroup>
    <Filter Include="Source Files">
      <UniqueIdentifier>{4FC737F1-C7A5-4376-A066-2A32D752A2FF}</UniqueIdentifier>
      <Extensions>cpp;c;cc;cxx;def;odl;idl;hpj;bat;asm;asmx</Extensions>
    </Filter>
    <Filter Include="Header Files">
      <UniqueIdentifier>{93995380-89BD-4b04-88EB-625FBE52EBFB}</UniqueIdentifier>
      <Extensions>h;hpp;hxx;hm;inl;inc;xsd</Extensions>
    </Filter>
    <Filter Include="Resource Files">
      <UniqueIdentifier>{67DA6AB6-F800-4c08-8B7A-83BB121AAD01}</UniqueIdentifier>
      <Extensions>rc;ico;cur;bmp;dlg;rc2;rct;bin;rgs;gif;jpg;jpeg;jpe;resx;tiff;tif;png;wav</Extensions>
    </Filter>
    <Filter Include="Source Files\generated">
      <UniqueIdentifier>{e96fc7f6-bddd-4322-8836-d9af8b731269}</UniqueIdentifier>
    </Filter>
    <Filter Include="Header Files\generated">
      <UniqueIdentifier>{ca976c61-371a-4de5-b837-a8bd8857bc13}</UniqueIdentifier>
    </Filter>
  </ItemGroup>
  <ItemGroup>
    <ClCompile Include="$(IntDir)process.c">
      <Filter>Source Files\generated</Filter>
    </ClCompile>
    <ClCompile Include="process-glue.c">
      <Filter>Source Files</Filter>
    </ClCompile>
    <ClCompile Include="spawn-monitor-glue.c">
      <Filter>Source Files</Filter>
    </ClCompile>
    <ClCompile Include="thread-suspend-monitor-glue.c">
      <Filter>Source Files</Filter>
    </ClCompile>
    <ClCompile Include="libc-shim.c">
      <Filter>Source Files</Filter>
    </ClCompile>
    <ClCompile Include="$(IntDir)cloak.c">
      <Filter>Source Files\generated</Filter>
    </ClCompile>
    <ClCompile Include="$(IntDir)exit-monitor.c">
      <Filter>Source Files\generated</Filter>
    </ClCompile>
    <ClCompile Include="$(IntDir)fd-guard.c">
      <Filter>Source Files\generated</Filter>
    </ClCompile>
    <ClCompile Include="$(IntDir)fork-monitor.c">
      <Filter>Source Files\generated</Filter>
    </ClCompile>
    <ClCompile Include="$(IntDir)script-engine.c">
      <Filter>Source Files\generated</Filter>
    </ClCompile>
    <ClCompile Include="$(IntDir)spawn-monitor.c">
      <Filter>Source Files\generated</Filter>
    </ClCompile>
    <ClCompile Include="$(IntDir)thread-suspend-monitor.c">
      <Filter>Source Files\generated</Filter>
    </ClCompile>
  </ItemGroup>
  <ItemGroup>
    <CustomBuild Include="process.vala">
      <Filter>Source Files</Filter>
    </CustomBuild>
  </ItemGroup>
  <ItemGroup>
    <ClInclude Include="$(IntDir)frida-payload.h">
      <Filter>Header Files\generated</Filter>
    </ClInclude>
  </ItemGroup>
  <ItemGroup>
    <None Include="cloak.vala">
      <Filter>Source Files</Filter>
    </None>
    <None Include="exit-monitor.vala">
      <Filter>Source Files</Filter>
    </None>
    <None Include="fd-guard.vala">
      <Filter>Source Files</Filter>
    </None>
    <None Include="fork-monitor.vala">
      <Filter>Source Files</Filter>
    </None>
    <None Include="script-engine.vala">
      <Filter>Source Files</Filter>
    </None>
    <None Include="spawn-monitor.vala">
      <Filter>Source Files</Filter>
    </None>
    <None Include="thread-suspend-monitor.vala">
      <Filter>Source Files</Filter>
    </None>
  </ItemGroup>
</Project>