<?xml version="1.0" encoding="utf-8"?>
<Project ToolsVersion="4.0" xmlns="http://schemas.microsoft.com/developer/msbuild/2003">
  <ItemGroup>
    <Filter Include="Source Files">
      <UniqueIdentifier>{4FC737F1-C7A5-4376-A066-2A32D752A2FF}</UniqueIdentifier>
      <Extensions>cpp;c;cc;cxx;def;odl;idl;hpj;bat;asm;asmx</Extensions>
    </Filter>
    <Filter Include="Header Files">
      <UniqueIdentifier>{93995380-89BD-4b04-88EB-625FBE52EBFB}</UniqueIdentifier>
      <Extensions>h;hpp;hxx;hm;inl;inc;xsd</Extensions>
    </Filter>
    <Filter Include="Resource Files">
      <UniqueIdentifier>{67DA6AB6-F800-4c08-8B7A-83BB121AAD01}</UniqueIdentifier>
      <Extensions>rc;ico;cur;bmp;dlg;rc2;rct;bin;rgs;gif;jpg;jpeg;jpe;resx;tiff;tif;png;wav</Extensions>
    </Filter>
    <Filter Include="Source Files\generated">
      <UniqueIdentifier>{97f21f95-be0b-4fb7-8978-bc06aaed36e6}</UniqueIdentifier>
    </Filter>
    <Filter Include="Source Files\lib">
      <UniqueIdentifier>{592dadc1-aa3a-4013-bf2f-c06f128e533b}</UniqueIdentifier>
    </Filter>
    <Filter Include="Source Files\lib\interfaces">
      <UniqueIdentifier>{364cc9f6-1299-4996-853a-e5c70fb38202}</UniqueIdentifier>
    </Filter>
  </ItemGroup>
  <ItemGroup>
    <ClInclude Include="$(IntDir)winjector-helper.h">
      <Filter>Header Files</Filter>
    </ClInclude>
  </ItemGroup>
  <ItemGroup>
    <ClCompile Include="$(IntDir)winjector-helper.c">
      <Filter>Source Files\generated</Filter>
    </ClCompile>
    <ClCompile Include="winjector-helper-services.c">
      <Filter>Source Files</Filter>
    </ClCompile>
    <ClCompile Include="winjector-helper-core.c">
      <Filter>Source Files</Filter>
    </ClCompile>
    <ClCompile Include="winjector-wait-handle-source.c">
      <Filter>Source Files</Filter>
    </ClCompile>
    <ClCompile Include="$(IntDir)winjector-types.c">
      <Filter>Source Files\generated</Filter>
    </ClCompile>
    <ClCompile Include="$(IntDir)session.c">
      <Filter>Source Files\generated</Filter>
    </ClCompile>
  </ItemGroup>
  <ItemGroup>
    <CustomBuild Include="winjector-helper.vala">
      <Filter>Source Files</Filter>
    </CustomBuild>
  </ItemGroup>
  <ItemGroup>
    <None Include="winjector-types.vala">
      <Filter>Source Files</Filter>
    </None>
    <None Include="$(ProjectDir)..\..\lib\interfaces\session.vala">
      <Filter>Source Files\lib\interfaces</Filter>
    </None>
  </ItemGroup>
</Project>